// !$*UTF8*$!
{
	archiveVersion = 1;
	classes = {
	};
	objectVersion = 46;
	objects = {

/* Begin PBXBuildFile section */
		3A54AA4E1F72E16A00AC5664 /* CalculatorProcessor.swift in Sources */ = {isa = PBXBuildFile; fileRef = 3A54AA4D1F72E16A00AC5664 /* CalculatorProcessor.swift */; };
		3A55EE441F7041EF00E2846D /* AppDelegate.swift in Sources */ = {isa = PBXBuildFile; fileRef = 3A55EE431F7041EF00E2846D /* AppDelegate.swift */; };
		3A55EE461F7041EF00E2846D /* ViewController.swift in Sources */ = {isa = PBXBuildFile; fileRef = 3A55EE451F7041EF00E2846D /* ViewController.swift */; };
		3A55EE491F7041EF00E2846D /* Main.storyboard in Resources */ = {isa = PBXBuildFile; fileRef = 3A55EE471F7041EF00E2846D /* Main.storyboard */; };
		3A55EE4E1F7041EF00E2846D /* LaunchScreen.storyboard in Resources */ = {isa = PBXBuildFile; fileRef = 3A55EE4C1F7041EF00E2846D /* LaunchScreen.storyboard */; };
		3A5BE4121FA495210087AC4F /* RoundedButton.swift in Sources */ = {isa = PBXBuildFile; fileRef = 3A5BE4111FA495210087AC4F /* RoundedButton.swift */; };
		3A6AB69F1FA72BE4005CB8B7 /* Double+Helpers.swift in Sources */ = {isa = PBXBuildFile; fileRef = 3A6AB69E1FA72BE4005CB8B7 /* Double+Helpers.swift */; };
		3A6AB6A11FA73298005CB8B7 /* DescriptionHandler.swift in Sources */ = {isa = PBXBuildFile; fileRef = 3A6AB6A01FA73298005CB8B7 /* DescriptionHandler.swift */; };
/* End PBXBuildFile section */

/* Begin PBXFileReference section */
		3A54AA4D1F72E16A00AC5664 /* CalculatorProcessor.swift */ = {isa = PBXFileReference; fileEncoding = 4; lastKnownFileType = sourcecode.swift; path = CalculatorProcessor.swift; sourceTree = "<group>"; };
		3A55EE401F7041EF00E2846D /* Calculator.app */ = {isa = PBXFileReference; explicitFileType = wrapper.application; includeInIndex = 0; path = Calculator.app; sourceTree = BUILT_PRODUCTS_DIR; };
		3A55EE431F7041EF00E2846D /* AppDelegate.swift */ = {isa = PBXFileReference; lastKnownFileType = sourcecode.swift; path = AppDelegate.swift; sourceTree = "<group>"; };
		3A55EE451F7041EF00E2846D /* ViewController.swift */ = {isa = PBXFileReference; lastKnownFileType = sourcecode.swift; path = ViewController.swift; sourceTree = "<group>"; };
		3A55EE481F7041EF00E2846D /* Base */ = {isa = PBXFileReference; lastKnownFileType = file.storyboard; name = Base; path = Base.lproj/Main.storyboard; sourceTree = "<group>"; };
		3A55EE4D1F7041EF00E2846D /* Base */ = {isa = PBXFileReference; lastKnownFileType = file.storyboard; name = Base; path = Base.lproj/LaunchScreen.storyboard; sourceTree = "<group>"; };
		3A55EE4F1F7041EF00E2846D /* Info.plist */ = {isa = PBXFileReference; lastKnownFileType = text.plist.xml; path = Info.plist; sourceTree = "<group>"; };
		3A5BE4111FA495210087AC4F /* RoundedButton.swift */ = {isa = PBXFileReference; lastKnownFileType = sourcecode.swift; path = RoundedButton.swift; sourceTree = "<group>"; };
		3A6AB69E1FA72BE4005CB8B7 /* Double+Helpers.swift */ = {isa = PBXFileReference; lastKnownFileType = sourcecode.swift; path = "Double+Helpers.swift"; sourceTree = "<group>"; };
		3A6AB6A01FA73298005CB8B7 /* DescriptionHandler.swift */ = {isa = PBXFileReference; lastKnownFileType = sourcecode.swift; path = DescriptionHandler.swift; sourceTree = "<group>"; };
/* End PBXFileReference section */

/* Begin PBXFrameworksBuildPhase section */
		3A55EE3D1F7041EF00E2846D /* Frameworks */ = {
			isa = PBXFrameworksBuildPhase;
			buildActionMask = 2147483647;
			files = (
			);
			runOnlyForDeploymentPostprocessing = 0;
		};
/* End PBXFrameworksBuildPhase section */

/* Begin PBXGroup section */
		3A55EE371F7041EF00E2846D = {
			isa = PBXGroup;
			children = (
				3A55EE421F7041EF00E2846D /* Calculator */,
				3A55EE411F7041EF00E2846D /* Products */,
			);
			sourceTree = "<group>";
		};
		3A55EE411F7041EF00E2846D /* Products */ = {
			isa = PBXGroup;
			children = (
				3A55EE401F7041EF00E2846D /* Calculator.app */,
			);
			name = Products;
			sourceTree = "<group>";
		};
		3A55EE421F7041EF00E2846D /* Calculator */ = {
			isa = PBXGroup;
			children = (
				3A55EE471F7041EF00E2846D /* Main.storyboard */,
				3A5BE4101FA494E10087AC4F /* View */,
				3AD804011FAC92B500B03F63 /* Model */,
				3AD804021FAC92D100B03F63 /* Controller */,
				3AD804031FAC92EC00B03F63 /* Extensions */,
				3A55EE431F7041EF00E2846D /* AppDelegate.swift */,
				3A55EE4C1F7041EF00E2846D /* LaunchScreen.storyboard */,
				3A55EE4F1F7041EF00E2846D /* Info.plist */,
			);
			path = Calculator;
			sourceTree = "<group>";
		};
		3A5BE4101FA494E10087AC4F /* View */ = {
			isa = PBXGroup;
			children = (
				3A5BE4111FA495210087AC4F /* RoundedButton.swift */,
			);
			path = View;
			sourceTree = "<group>";
		};
		3AD804011FAC92B500B03F63 /* Model */ = {
			isa = PBXGroup;
			children = (
				3A6AB6A01FA73298005CB8B7 /* DescriptionHandler.swift */,
				3A54AA4D1F72E16A00AC5664 /* CalculatorProcessor.swift */,
			);
			path = Model;
			sourceTree = "<group>";
		};
		3AD804021FAC92D100B03F63 /* Controller */ = {
			isa = PBXGroup;
			children = (
				3A55EE451F7041EF00E2846D /* ViewController.swift */,
			);
			path = Controller;
			sourceTree = "<group>";
		};
		3AD804031FAC92EC00B03F63 /* Extensions */ = {
			isa = PBXGroup;
			children = (
				3A6AB69E1FA72BE4005CB8B7 /* Double+Helpers.swift */,
			);
			path = Extensions;
			sourceTree = "<group>";
		};
/* End PBXGroup section */

/* Begin PBXNativeTarget section */
		3A55EE3F1F7041EF00E2846D /* Calculator */ = {
			isa = PBXNativeTarget;
			buildConfigurationList = 3A55EE521F7041EF00E2846D /* Build configuration list for PBXNativeTarget "Calculator" */;
			buildPhases = (
				3A55EE3C1F7041EF00E2846D /* Sources */,
				3A55EE3D1F7041EF00E2846D /* Frameworks */,
				3A55EE3E1F7041EF00E2846D /* Resources */,
				3A6754291FA8963100A233FD /* Swiftlint */,
				3AA58AEE1FB2EE9A00AAA3B3 /* cpd */,
			);
			buildRules = (
			);
			dependencies = (
			);
			name = Calculator;
			productName = Calculator;
			productReference = 3A55EE401F7041EF00E2846D /* Calculator.app */;
			productType = "com.apple.product-type.application";
		};
/* End PBXNativeTarget section */

/* Begin PBXProject section */
		3A55EE381F7041EF00E2846D /* Project object */ = {
			isa = PBXProject;
			attributes = {
				LastSwiftUpdateCheck = 0830;
				LastUpgradeCheck = 0900;
				ORGANIZATIONNAME = Anton;
				TargetAttributes = {
					3A55EE3F1F7041EF00E2846D = {
						CreatedOnToolsVersion = 8.3.2;
						DevelopmentTeam = YJ66LV4LL7;
						LastSwiftMigration = 0900;
						ProvisioningStyle = Automatic;
					};
				};
			};
			buildConfigurationList = 3A55EE3B1F7041EF00E2846D /* Build configuration list for PBXProject "Calculator" */;
			compatibilityVersion = "Xcode 3.2";
			developmentRegion = English;
			hasScannedForEncodings = 0;
			knownRegions = (
				en,
				Base,
			);
			mainGroup = 3A55EE371F7041EF00E2846D;
			productRefGroup = 3A55EE411F7041EF00E2846D /* Products */;
			projectDirPath = "";
			projectRoot = "";
			targets = (
				3A55EE3F1F7041EF00E2846D /* Calculator */,
			);
		};
/* End PBXProject section */

/* Begin PBXResourcesBuildPhase section */
		3A55EE3E1F7041EF00E2846D /* Resources */ = {
			isa = PBXResourcesBuildPhase;
			buildActionMask = 2147483647;
			files = (
				3A55EE4E1F7041EF00E2846D /* LaunchScreen.storyboard in Resources */,
				3A55EE491F7041EF00E2846D /* Main.storyboard in Resources */,
			);
			runOnlyForDeploymentPostprocessing = 0;
		};
/* End PBXResourcesBuildPhase section */

/* Begin PBXShellScriptBuildPhase section */
		3A6754291FA8963100A233FD /* Swiftlint */ = {
			isa = PBXShellScriptBuildPhase;
			buildActionMask = 2147483647;
			files = (
			);
			inputPaths = (
			);
			name = Swiftlint;
			outputPaths = (
			);
			runOnlyForDeploymentPostprocessing = 0;
			shellPath = /bin/sh;
			shellScript = "if which swiftlint >/dev/null; then\n swiftlint\nelse\n echo \"warning: SwiftLint not installed, download from https://github.com/realm/SwiftLint\"\nfi";
		};
		3AA58AEE1FB2EE9A00AAA3B3 /* cpd */ = {
			isa = PBXShellScriptBuildPhase;
			buildActionMask = 2147483647;
			files = (
			);
			inputPaths = (
			);
			name = cpd;
			outputPaths = (
			);
			runOnlyForDeploymentPostprocessing = 0;
			shellPath = /bin/sh;
			shellScript = "# Running CPD\npmd cpd --files ${EXECUTABLE_NAME} --minimum-tokens 50 --language swift --encoding UTF-8 --format net.sourceforge.pmd.cpd.XMLRenderer > cpd-output.xml --failOnViolation true\n# Running script\nphp ./cpd_script.php -cpd-xml cpd-output.xml";
		};
/* End PBXShellScriptBuildPhase section */

/* Begin PBXSourcesBuildPhase section */
		3A55EE3C1F7041EF00E2846D /* Sources */ = {
			isa = PBXSourcesBuildPhase;
			buildActionMask = 2147483647;
			files = (
				3A5BE4121FA495210087AC4F /* RoundedButton.swift in Sources */,
				3A6AB6A11FA73298005CB8B7 /* DescriptionHandler.swift in Sources */,
				3A54AA4E1F72E16A00AC5664 /* CalculatorProcessor.swift in Sources */,
				3A6AB69F1FA72BE4005CB8B7 /* Double+Helpers.swift in Sources */,
				3A55EE461F7041EF00E2846D /* ViewController.swift in Sources */,
				3A55EE441F7041EF00E2846D /* AppDelegate.swift in Sources */,
			);
			runOnlyForDeploymentPostprocessing = 0;
		};
/* End PBXSourcesBuildPhase section */

/* Begin PBXVariantGroup section */
		3A55EE471F7041EF00E2846D /* Main.storyboard */ = {
			isa = PBXVariantGroup;
			children = (
				3A55EE481F7041EF00E2846D /* Base */,
			);
			name = Main.storyboard;
			sourceTree = "<group>";
		};
		3A55EE4C1F7041EF00E2846D /* LaunchScreen.storyboard */ = {
			isa = PBXVariantGroup;
			children = (
				3A55EE4D1F7041EF00E2846D /* Base */,
			);
			name = LaunchScreen.storyboard;
			sourceTree = "<group>";
		};
/* End PBXVariantGroup section */

/* Begin XCBuildConfiguration section */
		3A55EE501F7041EF00E2846D /* Debug */ = {
			isa = XCBuildConfiguration;
			buildSettings = {
				ALWAYS_SEARCH_USER_PATHS = NO;
				CLANG_ANALYZER_NONNULL = YES;
				CLANG_ANALYZER_NUMBER_OBJECT_CONVERSION = YES_AGGRESSIVE;
				CLANG_CXX_LANGUAGE_STANDARD = "gnu++0x";
				CLANG_CXX_LIBRARY = "libc++";
				CLANG_ENABLE_MODULES = YES;
				CLANG_ENABLE_OBJC_ARC = YES;
				CLANG_WARN_BLOCK_CAPTURE_AUTORELEASING = YES;
				CLANG_WARN_BOOL_CONVERSION = YES;
				CLANG_WARN_COMMA = YES;
				CLANG_WARN_CONSTANT_CONVERSION = YES;
				CLANG_WARN_DIRECT_OBJC_ISA_USAGE = YES_ERROR;
				CLANG_WARN_DOCUMENTATION_COMMENTS = YES;
				CLANG_WARN_EMPTY_BODY = YES;
				CLANG_WARN_ENUM_CONVERSION = YES;
				CLANG_WARN_INFINITE_RECURSION = YES;
				CLANG_WARN_INT_CONVERSION = YES;
				CLANG_WARN_NON_LITERAL_NULL_CONVERSION = YES;
				CLANG_WARN_OBJC_LITERAL_CONVERSION = YES;
				CLANG_WARN_OBJC_ROOT_CLASS = YES_ERROR;
				CLANG_WARN_RANGE_LOOP_ANALYSIS = YES;
				CLANG_WARN_STRICT_PROTOTYPES = YES;
				CLANG_WARN_SUSPICIOUS_MOVE = YES;
				CLANG_WARN_UNREACHABLE_CODE = YES;
				CLANG_WARN__DUPLICATE_METHOD_MATCH = YES;
				"CODE_SIGN_IDENTITY[sdk=iphoneos*]" = "iPhone Developer";
				COPY_PHASE_STRIP = NO;
				DEBUG_INFORMATION_FORMAT = dwarf;
				ENABLE_STRICT_OBJC_MSGSEND = YES;
				ENABLE_TESTABILITY = YES;
				GCC_C_LANGUAGE_STANDARD = gnu99;
				GCC_DYNAMIC_NO_PIC = NO;
				GCC_NO_COMMON_BLOCKS = YES;
				GCC_OPTIMIZATION_LEVEL = 0;
				GCC_PREPROCESSOR_DEFINITIONS = (
					"DEBUG=1",
					"$(inherited)",
				);
				GCC_WARN_64_TO_32_BIT_CONVERSION = YES;
				GCC_WARN_ABOUT_RETURN_TYPE = YES_ERROR;
				GCC_WARN_UNDECLARED_SELECTOR = YES;
				GCC_WARN_UNINITIALIZED_AUTOS = YES_AGGRESSIVE;
				GCC_WARN_UNUSED_FUNCTION = YES;
				GCC_WARN_UNUSED_VARIABLE = YES;
				IPHONEOS_DEPLOYMENT_TARGET = 10.3;
				MTL_ENABLE_DEBUG_INFO = YES;
				ONLY_ACTIVE_ARCH = YES;
				SDKROOT = iphoneos;
				SWIFT_ACTIVE_COMPILATION_CONDITIONS = DEBUG;
				SWIFT_OPTIMIZATION_LEVEL = "-Onone";
				TARGETED_DEVICE_FAMILY = "1,2";
			};
			name = Debug;
		};
		3A55EE511F7041EF00E2846D /* Release */ = {
			isa = XCBuildConfiguration;
			buildSettings = {
				ALWAYS_SEARCH_USER_PATHS = NO;
				CLANG_ANALYZER_NONNULL = YES;
				CLANG_ANALYZER_NUMBER_OBJECT_CONVERSION = YES_AGGRESSIVE;
				CLANG_CXX_LANGUAGE_STANDARD = "gnu++0x";
				CLANG_CXX_LIBRARY = "libc++";
				CLANG_ENABLE_MODULES = YES;
				CLANG_ENABLE_OBJC_ARC = YES;
				CLANG_WARN_BLOCK_CAPTURE_AUTORELEASING = YES;
				CLANG_WARN_BOOL_CONVERSION = YES;
				CLANG_WARN_COMMA = YES;
				CLANG_WARN_CONSTANT_CONVERSION = YES;
				CLANG_WARN_DIRECT_OBJC_ISA_USAGE = YES_ERROR;
				CLANG_WARN_DOCUMENTATION_COMMENTS = YES;
				CLANG_WARN_EMPTY_BODY = YES;
				CLANG_WARN_ENUM_CONVERSION = YES;
				CLANG_WARN_INFINITE_RECURSION = YES;
				CLANG_WARN_INT_CONVERSION = YES;
				CLANG_WARN_NON_LITERAL_NULL_CONVERSION = YES;
				CLANG_WARN_OBJC_LITERAL_CONVERSION = YES;
				CLANG_WARN_OBJC_ROOT_CLASS = YES_ERROR;
				CLANG_WARN_RANGE_LOOP_ANALYSIS = YES;
				CLANG_WARN_STRICT_PROTOTYPES = YES;
				CLANG_WARN_SUSPICIOUS_MOVE = YES;
				CLANG_WARN_UNREACHABLE_CODE = YES;
				CLANG_WARN__DUPLICATE_METHOD_MATCH = YES;
				"CODE_SIGN_IDENTITY[sdk=iphoneos*]" = "iPhone Developer";
				COPY_PHASE_STRIP = NO;
				DEBUG_INFORMATION_FORMAT = "dwarf-with-dsym";
				ENABLE_NS_ASSERTIONS = NO;
				ENABLE_STRICT_OBJC_MSGSEND = YES;
				GCC_C_LANGUAGE_STANDARD = gnu99;
				GCC_NO_COMMON_BLOCKS = YES;
				GCC_WARN_64_TO_32_BIT_CONVERSION = YES;
				GCC_WARN_ABOUT_RETURN_TYPE = YES_ERROR;
				GCC_WARN_UNDECLARED_SELECTOR = YES;
				GCC_WARN_UNINITIALIZED_AUTOS = YES_AGGRESSIVE;
				GCC_WARN_UNUSED_FUNCTION = YES;
				GCC_WARN_UNUSED_VARIABLE = YES;
				IPHONEOS_DEPLOYMENT_TARGET = 10.3;
				MTL_ENABLE_DEBUG_INFO = NO;
				SDKROOT = iphoneos;
				SWIFT_OPTIMIZATION_LEVEL = "-Owholemodule";
				TARGETED_DEVICE_FAMILY = "1,2";
				VALIDATE_PRODUCT = YES;
			};
			name = Release;
		};
		3A55EE531F7041EF00E2846D /* Debug */ = {
			isa = XCBuildConfiguration;
			buildSettings = {
				ASSETCATALOG_COMPILER_APPICON_NAME = AppIcon;
				DEVELOPMENT_TEAM = YJ66LV4LL7;
				INFOPLIST_FILE = Calculator/Info.plist;
				IPHONEOS_DEPLOYMENT_TARGET = 11.0;
				LD_RUNPATH_SEARCH_PATHS = "$(inherited) @executable_path/Frameworks";
				PRODUCT_BUNDLE_IDENTIFIER = antonkliukin.Calculator;
				PRODUCT_NAME = "$(TARGET_NAME)";
				SWIFT_SWIFT3_OBJC_INFERENCE = Default;
				SWIFT_VERSION = 4.0;
			};
			name = Debug;
		};
		3A55EE541F7041EF00E2846D /* Release */ = {
			isa = XCBuildConfiguration;
			buildSettings = {
				ASSETCATALOG_COMPILER_APPICON_NAME = AppIcon;
				DEVELOPMENT_TEAM = YJ66LV4LL7;
				INFOPLIST_FILE = Calculator/Info.plist;
				IPHONEOS_DEPLOYMENT_TARGET = 11.0;
				LD_RUNPATH_SEARCH_PATHS = "$(inherited) @executable_path/Frameworks";
				PRODUCT_BUNDLE_IDENTIFIER = antonkliukin.Calculator;
				PRODUCT_NAME = "$(TARGET_NAME)";
				SWIFT_SWIFT3_OBJC_INFERENCE = Default;
				SWIFT_VERSION = 4.0;
			};
			name = Release;
		};
/* End XCBuildConfiguration section */

/* Begin XCConfigurationList section */
		3A55EE3B1F7041EF00E2846D /* Build configuration list for PBXProject "Calculator" */ = {
			isa = XCConfigurationList;
			buildConfigurations = (
				3A55EE501F7041EF00E2846D /* Debug */,
				3A55EE511F7041EF00E2846D /* Release */,
			);
			defaultConfigurationIsVisible = 0;
			defaultConfigurationName = Release;
		};
		3A55EE521F7041EF00E2846D /* Build configuration list for PBXNativeTarget "Calculator" */ = {
			isa = XCConfigurationList;
			buildConfigurations = (
				3A55EE531F7041EF00E2846D /* Debug */,
				3A55EE541F7041EF00E2846D /* Release */,
			);
			defaultConfigurationIsVisible = 0;
			defaultConfigurationName = Release;
		};
/* End XCConfigurationList section */
	};
	rootObject = 3A55EE381F7041EF00E2846D /* Project object */;
}
